
Microsoft Visual Studio Solution File, Format Version 12.00
# Visual Studio Version 17
VisualStudioVersion = 17.10.34916.146
MinimumVisualStudioVersion = 10.0.40219.1
Project("{8BC9CEB8-8B4A-11D0-8D11-00A0C91BC942}") = "consistently", "consistently\consistently.vcxproj", "{DEAA7E57-8BAC-4950-B47F-C473FEBCAED0}"
EndProject
Project("{8BC9CEB8-8B4A-11D0-8D11-00A0C91BC942}") = "parallel sections", "parallel sections\parallel sections.vcxproj", "{D8111F93-2E91-4F46-A6A5-52638F0A7CE0}"
EndProject
Global
	GlobalSection(SolutionConfigurationPlatforms) = preSolution
		Debug|x64 = Debug|x64
		Debug|x86 = Debug|x86
		Release|x64 = Release|x64
		Release|x86 = Release|x86
	EndGlobalSection
	GlobalSection(ProjectConfigurationPlatforms) = postSolution
		{DEAA7E57-8BAC-4950-B47F-C473FEBCAED0}.Debug|x64.ActiveCfg = Debug|x64
		{DEAA7E57-8BAC-4950-B47F-C473FEBCAED0}.Debug|x64.Build.0 = Debug|x64
		{DEAA7E57-8BAC-4950-B47F-C473FEBCAED0}.Debug|x86.ActiveCfg = Debug|Win32
		{DEAA7E57-8BAC-4950-B47F-C473FEBCAED0}.Debug|x86.Build.0 = Debug|Win32
		{DEAA7E57-8BAC-4950-B47F-C473FEBCAED0}.Release|x64.ActiveCfg = Release|x64
		{DEAA7E57-8BAC-4950-B47F-C473FEBCAED0}.Release|x64.Build.0 = Release|x64
		{DEAA7E57-8BAC-4950-B47F-C473FEBCAED0}.Release|x86.ActiveCfg = Release|Win32
		{DEAA7E57-8BAC-4950-B47F-C473FEBCAED0}.Release|x86.Build.0 = Release|Win32
		{D8111F93-2E91-4F46-A6A5-52638F0A7CE0}.Debug|x64.ActiveCfg = Debug|x64
		{D8111F93-2E91-4F46-A6A5-52638F0A7CE0}.Debug|x64.Build.0 = Debug|x64
		{D8111F93-2E91-4F46-A6A5-52638F0A7CE0}.Debug|x86.ActiveCfg = Debug|Win32
		{D8111F93-2E91-4F46-A6A5-52638F0A7CE0}.Debug|x86.Build.0 = Debug|Win32
		{D8111F93-2E91-4F46-A6A5-52638F0A7CE0}.Release|x64.ActiveCfg = Release|x64
		{D8111F93-2E91-4F46-A6A5-52638F0A7CE0}.Release|x64.Build.0 = Release|x64
		{D8111F93-2E91-4F46-A6A5-52638F0A7CE0}.Release|x86.ActiveCfg = Release|Win32
		{D8111F93-2E91-4F46-A6A5-52638F0A7CE0}.Release|x86.Build.0 = Release|Win32
	EndGlobalSection
	GlobalSection(SolutionProperties) = preSolution
		HideSolutionNode = FALSE
	EndGlobalSection
	GlobalSection(ExtensibilityGlobals) = postSolution
		SolutionGuid = {0199C592-D13B-418F-873B-782D76EB5E4F}
	EndGlobalSection
EndGlobal
